<Solution>
  <Folder Name="/src/">
    <Project Path="src/JJBanking.API/JJBanking.API.csproj" />
    <Project Path="src/JJBanking.Domain/JJBanking.Domain.csproj" />
    <Project Path="src/JJBanking.Infra/JJBanking.Infra.csproj" />
  </Folder>
  <Folder Name="/tests/">
    <Project Path="tests/JJBanking.IntegrationTests/JJBanking.IntegrationTests.csproj" />
    <Project Path="tests/JJBanking.UnitTests/JJBanking.UnitTests.csproj" />
  </Folder>
</Solution>
